
Microsoft Visual Studio Solution File, Format Version 12.00
# Visual Studio 2013
VisualStudioVersion = 12.0.31101.0
MinimumVisualStudioVersion = 10.0.40219.1
Project("{FAE04EC0-301F-11D3-BF4B-00C04F79EFBC}") = "Selenium.WebDriver.Extensions", "src\Selenium.WebDriver.Extensions\Selenium.WebDriver.Extensions.csproj", "{F10536EC-8FBF-437A-840D-55CE6BF44161}"
EndProject
Project("{2150E333-8FDC-42A3-9474-1A3956D46DE8}") = ".nuget", ".nuget", "{707EC0FD-B5A2-4F28-8FB8-D1D2C25258EF}"
	ProjectSection(SolutionItems) = preProject
		.nuget\NuGet.Config = .nuget\NuGet.Config
		.nuget\NuGet.exe = .nuget\NuGet.exe
		.nuget\NuGet.targets = .nuget\NuGet.targets
		.nuget\packages.config = .nuget\packages.config
	EndProjectSection
EndProject
Project("{FAE04EC0-301F-11D3-BF4B-00C04F79EFBC}") = "Selenium.WebDriver.Extensions.Tests", "test\Selenium.WebDriver.Extensions.Tests\Selenium.WebDriver.Extensions.Tests.csproj", "{41458FC5-B67A-456D-A085-8F6012E59A0C}"
EndProject
Project("{FAE04EC0-301F-11D3-BF4B-00C04F79EFBC}") = "Selenium.WebDriver.Extensions.IntegrationTests", "test\Selenium.WebDriver.Extensions.IntegrationTests\Selenium.WebDriver.Extensions.IntegrationTests.csproj", "{6394128B-6A58-482E-936E-D298726BA7F0}"
EndProject
Project("{2150E333-8FDC-42A3-9474-1A3956D46DE8}") = "Tests", "Tests", "{D8CA6CE5-A741-4B80-8B9F-689B2301492A}"
EndProject
Project("{FAE04EC0-301F-11D3-BF4B-00C04F79EFBC}") = "Selenium.WebDriver.Extensions.JQuery", "src\Selenium.WebDriver.Extensions.JQuery\Selenium.WebDriver.Extensions.JQuery.csproj", "{E62EBB89-AE2A-4675-A56A-259B17A513E7}"
EndProject
Project("{FAE04EC0-301F-11D3-BF4B-00C04F79EFBC}") = "Selenium.WebDriver.Extensions.Sizzle", "src\Selenium.WebDriver.Extensions.Sizzle\Selenium.WebDriver.Extensions.Sizzle.csproj", "{B0F5E6EC-6F3B-4C84-A852-3F21AD9B9C22}"
EndProject
Project("{FAE04EC0-301F-11D3-BF4B-00C04F79EFBC}") = "Selenium.WebDriver.Extensions.JQuery.Tests", "test\Selenium.WebDriver.Extensions.JQuery.Tests\Selenium.WebDriver.Extensions.JQuery.Tests.csproj", "{86310EE4-5080-44D2-A1F9-1B00587A6F52}"
EndProject
Project("{FAE04EC0-301F-11D3-BF4B-00C04F79EFBC}") = "Selenium.WebDriver.Extensions.Sizzle.Tests", "test\Selenium.WebDriver.Extensions.Sizzle.Tests\Selenium.WebDriver.Extensions.Sizzle.Tests.csproj", "{353B46BF-A4BD-4C3F-BD96-CC187797E1C4}"
EndProject
Project("{7CF6DF6D-3B04-46F8-A40B-537D21BCA0B4}") = "Selenium.WebDriver.Extensions.Docs", "docs\Selenium.WebDriver.Extensions.Docs.shfbproj", "{09D0D71A-5E98-42B4-8F22-90BF315FD55E}"
EndProject
Project("{2150E333-8FDC-42A3-9474-1A3956D46DE8}") = "Documentation", "Documentation", "{50593931-822D-4BE2-897D-38EF1BC5BDB3}"
EndProject
Project("{FAE04EC0-301F-11D3-BF4B-00C04F79EFBC}") = "Selenium.WebDriver.Extensions.Core.Tests", "test\Selenium.WebDriver.Extensions.Core.Tests\Selenium.WebDriver.Extensions.Core.Tests.csproj", "{777EE9F7-FCFF-42B1-BB9C-A7FD46A91B7A}"
EndProject
Project("{FAE04EC0-301F-11D3-BF4B-00C04F79EFBC}") = "Selenium.WebDriver.Extensions.Core", "src\Selenium.WebDriver.Extensions.Core\Selenium.WebDriver.Extensions.Core.csproj", "{BAC59C4A-BB67-4E40-AC8A-0690CC7223E1}"
EndProject
Global
	GlobalSection(SolutionConfigurationPlatforms) = preSolution
		Debug|Any CPU = Debug|Any CPU
		Debug-Net35|Any CPU = Debug-Net35|Any CPU
		Debug-Net40|Any CPU = Debug-Net40|Any CPU
		Docs|Any CPU = Docs|Any CPU
		Release|Any CPU = Release|Any CPU
		Release-Net35|Any CPU = Release-Net35|Any CPU
		Release-Net40|Any CPU = Release-Net40|Any CPU
	EndGlobalSection
	GlobalSection(ProjectConfigurationPlatforms) = postSolution
		{F10536EC-8FBF-437A-840D-55CE6BF44161}.Debug|Any CPU.ActiveCfg = Debug|Any CPU
		{F10536EC-8FBF-437A-840D-55CE6BF44161}.Debug|Any CPU.Build.0 = Debug|Any CPU
		{F10536EC-8FBF-437A-840D-55CE6BF44161}.Debug-Net35|Any CPU.ActiveCfg = Debug-Net35|Any CPU
		{F10536EC-8FBF-437A-840D-55CE6BF44161}.Debug-Net35|Any CPU.Build.0 = Debug-Net35|Any CPU
		{F10536EC-8FBF-437A-840D-55CE6BF44161}.Debug-Net40|Any CPU.ActiveCfg = Debug-Net40|Any CPU
		{F10536EC-8FBF-437A-840D-55CE6BF44161}.Debug-Net40|Any CPU.Build.0 = Debug-Net40|Any CPU
		{F10536EC-8FBF-437A-840D-55CE6BF44161}.Docs|Any CPU.ActiveCfg = Docs|Any CPU
		{F10536EC-8FBF-437A-840D-55CE6BF44161}.Release|Any CPU.ActiveCfg = Release|Any CPU
		{F10536EC-8FBF-437A-840D-55CE6BF44161}.Release|Any CPU.Build.0 = Release|Any CPU
		{F10536EC-8FBF-437A-840D-55CE6BF44161}.Release-Net35|Any CPU.ActiveCfg = Release-Net35|Any CPU
		{F10536EC-8FBF-437A-840D-55CE6BF44161}.Release-Net35|Any CPU.Build.0 = Release-Net35|Any CPU
		{F10536EC-8FBF-437A-840D-55CE6BF44161}.Release-Net40|Any CPU.ActiveCfg = Release-Net40|Any CPU
		{F10536EC-8FBF-437A-840D-55CE6BF44161}.Release-Net40|Any CPU.Build.0 = Release-Net40|Any CPU
		{41458FC5-B67A-456D-A085-8F6012E59A0C}.Debug|Any CPU.ActiveCfg = Debug|Any CPU
		{41458FC5-B67A-456D-A085-8F6012E59A0C}.Debug|Any CPU.Build.0 = Debug|Any CPU
		{41458FC5-B67A-456D-A085-8F6012E59A0C}.Debug-Net35|Any CPU.ActiveCfg = Debug-Net35|Any CPU
		{41458FC5-B67A-456D-A085-8F6012E59A0C}.Debug-Net35|Any CPU.Build.0 = Debug-Net35|Any CPU
		{41458FC5-B67A-456D-A085-8F6012E59A0C}.Debug-Net40|Any CPU.ActiveCfg = Debug-Net40|Any CPU
		{41458FC5-B67A-456D-A085-8F6012E59A0C}.Debug-Net40|Any CPU.Build.0 = Debug-Net40|Any CPU
		{41458FC5-B67A-456D-A085-8F6012E59A0C}.Docs|Any CPU.ActiveCfg = Docs|Any CPU
		{41458FC5-B67A-456D-A085-8F6012E59A0C}.Release|Any CPU.ActiveCfg = Release|Any CPU
		{41458FC5-B67A-456D-A085-8F6012E59A0C}.Release|Any CPU.Build.0 = Release|Any CPU
		{41458FC5-B67A-456D-A085-8F6012E59A0C}.Release-Net35|Any CPU.ActiveCfg = Release-Net35|Any CPU
		{41458FC5-B67A-456D-A085-8F6012E59A0C}.Release-Net35|Any CPU.Build.0 = Release-Net35|Any CPU
		{41458FC5-B67A-456D-A085-8F6012E59A0C}.Release-Net40|Any CPU.ActiveCfg = Release-Net40|Any CPU
		{41458FC5-B67A-456D-A085-8F6012E59A0C}.Release-Net40|Any CPU.Build.0 = Release-Net40|Any CPU
		{6394128B-6A58-482E-936E-D298726BA7F0}.Debug|Any CPU.ActiveCfg = Debug|Any CPU
		{6394128B-6A58-482E-936E-D298726BA7F0}.Debug|Any CPU.Build.0 = Debug|Any CPU
		{6394128B-6A58-482E-936E-D298726BA7F0}.Debug-Net35|Any CPU.ActiveCfg = Debug-Net35|Any CPU
		{6394128B-6A58-482E-936E-D298726BA7F0}.Debug-Net35|Any CPU.Build.0 = Debug-Net35|Any CPU
		{6394128B-6A58-482E-936E-D298726BA7F0}.Debug-Net40|Any CPU.ActiveCfg = Debug-Net40|Any CPU
		{6394128B-6A58-482E-936E-D298726BA7F0}.Debug-Net40|Any CPU.Build.0 = Debug-Net40|Any CPU
		{6394128B-6A58-482E-936E-D298726BA7F0}.Docs|Any CPU.ActiveCfg = Docs|Any CPU
		{6394128B-6A58-482E-936E-D298726BA7F0}.Release|Any CPU.ActiveCfg = Release|Any CPU
		{6394128B-6A58-482E-936E-D298726BA7F0}.Release|Any CPU.Build.0 = Release|Any CPU
		{6394128B-6A58-482E-936E-D298726BA7F0}.Release-Net35|Any CPU.ActiveCfg = Release-Net35|Any CPU
		{6394128B-6A58-482E-936E-D298726BA7F0}.Release-Net35|Any CPU.Build.0 = Release-Net35|Any CPU
		{6394128B-6A58-482E-936E-D298726BA7F0}.Release-Net40|Any CPU.ActiveCfg = Release-Net40|Any CPU
		{6394128B-6A58-482E-936E-D298726BA7F0}.Release-Net40|Any CPU.Build.0 = Release-Net40|Any CPU
		{E62EBB89-AE2A-4675-A56A-259B17A513E7}.Debug|Any CPU.ActiveCfg = Debug|Any CPU
		{E62EBB89-AE2A-4675-A56A-259B17A513E7}.Debug|Any CPU.Build.0 = Debug|Any CPU
		{E62EBB89-AE2A-4675-A56A-259B17A513E7}.Debug-Net35|Any CPU.ActiveCfg = Debug-Net35|Any CPU
		{E62EBB89-AE2A-4675-A56A-259B17A513E7}.Debug-Net35|Any CPU.Build.0 = Debug-Net35|Any CPU
		{E62EBB89-AE2A-4675-A56A-259B17A513E7}.Debug-Net40|Any CPU.ActiveCfg = Debug-Net40|Any CPU
		{E62EBB89-AE2A-4675-A56A-259B17A513E7}.Debug-Net40|Any CPU.Build.0 = Debug-Net40|Any CPU
		{E62EBB89-AE2A-4675-A56A-259B17A513E7}.Docs|Any CPU.ActiveCfg = Docs|Any CPU
		{E62EBB89-AE2A-4675-A56A-259B17A513E7}.Release|Any CPU.ActiveCfg = Release|Any CPU
		{E62EBB89-AE2A-4675-A56A-259B17A513E7}.Release|Any CPU.Build.0 = Release|Any CPU
		{E62EBB89-AE2A-4675-A56A-259B17A513E7}.Release-Net35|Any CPU.ActiveCfg = Release-Net35|Any CPU
		{E62EBB89-AE2A-4675-A56A-259B17A513E7}.Release-Net35|Any CPU.Build.0 = Release-Net35|Any CPU
		{E62EBB89-AE2A-4675-A56A-259B17A513E7}.Release-Net40|Any CPU.ActiveCfg = Release-Net40|Any CPU
		{E62EBB89-AE2A-4675-A56A-259B17A513E7}.Release-Net40|Any CPU.Build.0 = Release-Net40|Any CPU
		{B0F5E6EC-6F3B-4C84-A852-3F21AD9B9C22}.Debug|Any CPU.ActiveCfg = Debug|Any CPU
		{B0F5E6EC-6F3B-4C84-A852-3F21AD9B9C22}.Debug|Any CPU.Build.0 = Debug|Any CPU
		{B0F5E6EC-6F3B-4C84-A852-3F21AD9B9C22}.Debug-Net35|Any CPU.ActiveCfg = Debug-Net35|Any CPU
		{B0F5E6EC-6F3B-4C84-A852-3F21AD9B9C22}.Debug-Net35|Any CPU.Build.0 = Debug-Net35|Any CPU
		{B0F5E6EC-6F3B-4C84-A852-3F21AD9B9C22}.Debug-Net40|Any CPU.ActiveCfg = Debug-Net40|Any CPU
		{B0F5E6EC-6F3B-4C84-A852-3F21AD9B9C22}.Debug-Net40|Any CPU.Build.0 = Debug-Net40|Any CPU
		{B0F5E6EC-6F3B-4C84-A852-3F21AD9B9C22}.Docs|Any CPU.ActiveCfg = Docs|Any CPU
		{B0F5E6EC-6F3B-4C84-A852-3F21AD9B9C22}.Release|Any CPU.ActiveCfg = Release|Any CPU
		{B0F5E6EC-6F3B-4C84-A852-3F21AD9B9C22}.Release|Any CPU.Build.0 = Release|Any CPU
		{B0F5E6EC-6F3B-4C84-A852-3F21AD9B9C22}.Release-Net35|Any CPU.ActiveCfg = Release-Net35|Any CPU
		{B0F5E6EC-6F3B-4C84-A852-3F21AD9B9C22}.Release-Net35|Any CPU.Build.0 = Release-Net35|Any CPU
		{B0F5E6EC-6F3B-4C84-A852-3F21AD9B9C22}.Release-Net40|Any CPU.ActiveCfg = Release-Net40|Any CPU
		{B0F5E6EC-6F3B-4C84-A852-3F21AD9B9C22}.Release-Net40|Any CPU.Build.0 = Release-Net40|Any CPU
		{86310EE4-5080-44D2-A1F9-1B00587A6F52}.Debug|Any CPU.ActiveCfg = Debug|Any CPU
		{86310EE4-5080-44D2-A1F9-1B00587A6F52}.Debug|Any CPU.Build.0 = Debug|Any CPU
		{86310EE4-5080-44D2-A1F9-1B00587A6F52}.Debug-Net35|Any CPU.ActiveCfg = Debug-Net35|Any CPU
		{86310EE4-5080-44D2-A1F9-1B00587A6F52}.Debug-Net35|Any CPU.Build.0 = Debug-Net35|Any CPU
		{86310EE4-5080-44D2-A1F9-1B00587A6F52}.Debug-Net40|Any CPU.ActiveCfg = Debug-Net40|Any CPU
		{86310EE4-5080-44D2-A1F9-1B00587A6F52}.Debug-Net40|Any CPU.Build.0 = Debug-Net40|Any CPU
		{86310EE4-5080-44D2-A1F9-1B00587A6F52}.Docs|Any CPU.ActiveCfg = Docs|Any CPU
		{86310EE4-5080-44D2-A1F9-1B00587A6F52}.Release|Any CPU.ActiveCfg = Release|Any CPU
		{86310EE4-5080-44D2-A1F9-1B00587A6F52}.Release|Any CPU.Build.0 = Release|Any CPU
		{86310EE4-5080-44D2-A1F9-1B00587A6F52}.Release-Net35|Any CPU.ActiveCfg = Release-Net35|Any CPU
		{86310EE4-5080-44D2-A1F9-1B00587A6F52}.Release-Net35|Any CPU.Build.0 = Release-Net35|Any CPU
		{86310EE4-5080-44D2-A1F9-1B00587A6F52}.Release-Net40|Any CPU.ActiveCfg = Release-Net40|Any CPU
		{86310EE4-5080-44D2-A1F9-1B00587A6F52}.Release-Net40|Any CPU.Build.0 = Release-Net40|Any CPU
		{353B46BF-A4BD-4C3F-BD96-CC187797E1C4}.Debug|Any CPU.ActiveCfg = Debug|Any CPU
		{353B46BF-A4BD-4C3F-BD96-CC187797E1C4}.Debug|Any CPU.Build.0 = Debug|Any CPU
		{353B46BF-A4BD-4C3F-BD96-CC187797E1C4}.Debug-Net35|Any CPU.ActiveCfg = Debug-Net35|Any CPU
		{353B46BF-A4BD-4C3F-BD96-CC187797E1C4}.Debug-Net35|Any CPU.Build.0 = Debug-Net35|Any CPU
		{353B46BF-A4BD-4C3F-BD96-CC187797E1C4}.Debug-Net40|Any CPU.ActiveCfg = Debug-Net40|Any CPU
		{353B46BF-A4BD-4C3F-BD96-CC187797E1C4}.Debug-Net40|Any CPU.Build.0 = Debug-Net40|Any CPU
		{353B46BF-A4BD-4C3F-BD96-CC187797E1C4}.Docs|Any CPU.ActiveCfg = Docs|Any CPU
		{353B46BF-A4BD-4C3F-BD96-CC187797E1C4}.Release|Any CPU.ActiveCfg = Release|Any CPU
		{353B46BF-A4BD-4C3F-BD96-CC187797E1C4}.Release|Any CPU.Build.0 = Release|Any CPU
		{353B46BF-A4BD-4C3F-BD96-CC187797E1C4}.Release-Net35|Any CPU.ActiveCfg = Release-Net35|Any CPU
		{353B46BF-A4BD-4C3F-BD96-CC187797E1C4}.Release-Net35|Any CPU.Build.0 = Release-Net35|Any CPU
		{353B46BF-A4BD-4C3F-BD96-CC187797E1C4}.Release-Net40|Any CPU.ActiveCfg = Release-Net40|Any CPU
		{353B46BF-A4BD-4C3F-BD96-CC187797E1C4}.Release-Net40|Any CPU.Build.0 = Release-Net40|Any CPU
		{09D0D71A-5E98-42B4-8F22-90BF315FD55E}.Debug|Any CPU.ActiveCfg = Debug|Any CPU
		{09D0D71A-5E98-42B4-8F22-90BF315FD55E}.Debug-Net35|Any CPU.ActiveCfg = Debug-Net35|Any CPU
		{09D0D71A-5E98-42B4-8F22-90BF315FD55E}.Debug-Net40|Any CPU.ActiveCfg = Debug-Net40|Any CPU
		{09D0D71A-5E98-42B4-8F22-90BF315FD55E}.Docs|Any CPU.ActiveCfg = Docs|Any CPU
		{09D0D71A-5E98-42B4-8F22-90BF315FD55E}.Docs|Any CPU.Build.0 = Docs|Any CPU
		{09D0D71A-5E98-42B4-8F22-90BF315FD55E}.Release|Any CPU.ActiveCfg = Release|Any CPU
		{09D0D71A-5E98-42B4-8F22-90BF315FD55E}.Release-Net35|Any CPU.ActiveCfg = Release-Net35|Any CPU
		{09D0D71A-5E98-42B4-8F22-90BF315FD55E}.Release-Net40|Any CPU.ActiveCfg = Release-Net40|Any CPU
		{777EE9F7-FCFF-42B1-BB9C-A7FD46A91B7A}.Debug|Any CPU.ActiveCfg = Debug|Any CPU
		{777EE9F7-FCFF-42B1-BB9C-A7FD46A91B7A}.Debug|Any CPU.Build.0 = Debug|Any CPU
		{777EE9F7-FCFF-42B1-BB9C-A7FD46A91B7A}.Debug-Net35|Any CPU.ActiveCfg = Debug-Net35|Any CPU
		{777EE9F7-FCFF-42B1-BB9C-A7FD46A91B7A}.Debug-Net35|Any CPU.Build.0 = Debug-Net35|Any CPU
		{777EE9F7-FCFF-42B1-BB9C-A7FD46A91B7A}.Debug-Net40|Any CPU.ActiveCfg = Debug-Net40|Any CPU
		{777EE9F7-FCFF-42B1-BB9C-A7FD46A91B7A}.Debug-Net40|Any CPU.Build.0 = Debug-Net40|Any CPU
		{777EE9F7-FCFF-42B1-BB9C-A7FD46A91B7A}.Docs|Any CPU.ActiveCfg = Docs|Any CPU
		{777EE9F7-FCFF-42B1-BB9C-A7FD46A91B7A}.Release|Any CPU.ActiveCfg = Release|Any CPU
		{777EE9F7-FCFF-42B1-BB9C-A7FD46A91B7A}.Release|Any CPU.Build.0 = Release|Any CPU
		{777EE9F7-FCFF-42B1-BB9C-A7FD46A91B7A}.Release-Net35|Any CPU.ActiveCfg = Release-Net35|Any CPU
		{777EE9F7-FCFF-42B1-BB9C-A7FD46A91B7A}.Release-Net35|Any CPU.Build.0 = Release-Net35|Any CPU
		{777EE9F7-FCFF-42B1-BB9C-A7FD46A91B7A}.Release-Net40|Any CPU.ActiveCfg = Release-Net40|Any CPU
		{777EE9F7-FCFF-42B1-BB9C-A7FD46A91B7A}.Release-Net40|Any CPU.Build.0 = Release-Net40|Any CPU
		{BAC59C4A-BB67-4E40-AC8A-0690CC7223E1}.Debug|Any CPU.ActiveCfg = Debug|Any CPU
		{BAC59C4A-BB67-4E40-AC8A-0690CC7223E1}.Debug|Any CPU.Build.0 = Debug|Any CPU
		{BAC59C4A-BB67-4E40-AC8A-0690CC7223E1}.Debug-Net35|Any CPU.ActiveCfg = Debug-Net35|Any CPU
		{BAC59C4A-BB67-4E40-AC8A-0690CC7223E1}.Debug-Net35|Any CPU.Build.0 = Debug-Net35|Any CPU
		{BAC59C4A-BB67-4E40-AC8A-0690CC7223E1}.Debug-Net40|Any CPU.ActiveCfg = Debug-Net40|Any CPU
		{BAC59C4A-BB67-4E40-AC8A-0690CC7223E1}.Debug-Net40|Any CPU.Build.0 = Debug-Net40|Any CPU
		{BAC59C4A-BB67-4E40-AC8A-0690CC7223E1}.Docs|Any CPU.ActiveCfg = Docs|Any CPU
		{BAC59C4A-BB67-4E40-AC8A-0690CC7223E1}.Release|Any CPU.ActiveCfg = Release|Any CPU
		{BAC59C4A-BB67-4E40-AC8A-0690CC7223E1}.Release|Any CPU.Build.0 = Release|Any CPU
		{BAC59C4A-BB67-4E40-AC8A-0690CC7223E1}.Release-Net35|Any CPU.ActiveCfg = Release-Net35|Any CPU
		{BAC59C4A-BB67-4E40-AC8A-0690CC7223E1}.Release-Net35|Any CPU.Build.0 = Release-Net35|Any CPU
		{BAC59C4A-BB67-4E40-AC8A-0690CC7223E1}.Release-Net40|Any CPU.ActiveCfg = Release-Net40|Any CPU
		{BAC59C4A-BB67-4E40-AC8A-0690CC7223E1}.Release-Net40|Any CPU.Build.0 = Release-Net40|Any CPU
	EndGlobalSection
	GlobalSection(SolutionProperties) = preSolution
		HideSolutionNode = FALSE
	EndGlobalSection
	GlobalSection(NestedProjects) = preSolution
		{41458FC5-B67A-456D-A085-8F6012E59A0C} = {D8CA6CE5-A741-4B80-8B9F-689B2301492A}
		{6394128B-6A58-482E-936E-D298726BA7F0} = {D8CA6CE5-A741-4B80-8B9F-689B2301492A}
		{86310EE4-5080-44D2-A1F9-1B00587A6F52} = {D8CA6CE5-A741-4B80-8B9F-689B2301492A}
		{353B46BF-A4BD-4C3F-BD96-CC187797E1C4} = {D8CA6CE5-A741-4B80-8B9F-689B2301492A}
		{09D0D71A-5E98-42B4-8F22-90BF315FD55E} = {50593931-822D-4BE2-897D-38EF1BC5BDB3}
		{777EE9F7-FCFF-42B1-BB9C-A7FD46A91B7A} = {D8CA6CE5-A741-4B80-8B9F-689B2301492A}
	EndGlobalSection
EndGlobal
