
Microsoft Visual Studio Solution File, Format Version 12.00
# Visual Studio 14
VisualStudioVersion = 14.0.25420.1
MinimumVisualStudioVersion = 10.0.40219.1
Project("{FAE04EC0-301F-11D3-BF4B-00C04F79EFBC}") = "Selenium.WebDriver.Extensions", "src\Selenium.WebDriver.Extensions\Selenium.WebDriver.Extensions.csproj", "{F10536EC-8FBF-437A-840D-55CE6BF44161}"
EndProject
Project("{2150E333-8FDC-42A3-9474-1A3956D46DE8}") = ".nuget", ".nuget", "{707EC0FD-B5A2-4F28-8FB8-D1D2C25258EF}"
	ProjectSection(SolutionItems) = preProject
		.nuget\NuGet.Config = .nuget\NuGet.Config
		.nuget\NuGet.exe = .nuget\NuGet.exe
		.nuget\NuGet.targets = .nuget\NuGet.targets
		.nuget\packages.config = .nuget\packages.config
	EndProjectSection
EndProject
Project("{FAE04EC0-301F-11D3-BF4B-00C04F79EFBC}") = "Selenium.WebDriver.Extensions.Tests", "test\Selenium.WebDriver.Extensions.Tests\Selenium.WebDriver.Extensions.Tests.csproj", "{41458FC5-B67A-456D-A085-8F6012E59A0C}"
EndProject
Project("{2150E333-8FDC-42A3-9474-1A3956D46DE8}") = "Tests", "Tests", "{D8CA6CE5-A741-4B80-8B9F-689B2301492A}"
EndProject
Project("{FAE04EC0-301F-11D3-BF4B-00C04F79EFBC}") = "Selenium.WebDriver.Extensions.IntegrationTests", "test\Selenium.WebDriver.Extensions.IntegrationTests\Selenium.WebDriver.Extensions.IntegrationTests.csproj", "{6394128B-6A58-482E-936E-D298726BA7F0}"
EndProject
Project("{2150E333-8FDC-42A3-9474-1A3956D46DE8}") = "Documentation", "Documentation", "{50593931-822D-4BE2-897D-38EF1BC5BDB3}"
EndProject
Project("{7CF6DF6D-3B04-46F8-A40B-537D21BCA0B4}") = "Selenium.WebDriver.Extensions.Docs", "docs\Selenium.WebDriver.Extensions.Docs.shfbproj", "{09D0D71A-5E98-42B4-8F22-90BF315FD55E}"
EndProject
Global
	GlobalSection(SolutionConfigurationPlatforms) = preSolution
		Debug|Any CPU = Debug|Any CPU
		Debug-Net40|Any CPU = Debug-Net40|Any CPU
		Debug-Net45|Any CPU = Debug-Net45|Any CPU
		Docs|Any CPU = Docs|Any CPU
		Mono|Any CPU = Mono|Any CPU
		Release|Any CPU = Release|Any CPU
		Release-Net40|Any CPU = Release-Net40|Any CPU
		Release-Net45|Any CPU = Release-Net45|Any CPU
	EndGlobalSection
	GlobalSection(ProjectConfigurationPlatforms) = postSolution
		{F10536EC-8FBF-437A-840D-55CE6BF44161}.Debug|Any CPU.ActiveCfg = Debug|Any CPU
		{F10536EC-8FBF-437A-840D-55CE6BF44161}.Debug|Any CPU.Build.0 = Debug|Any CPU
		{F10536EC-8FBF-437A-840D-55CE6BF44161}.Debug-Net40|Any CPU.ActiveCfg = Debug-Net40|Any CPU
		{F10536EC-8FBF-437A-840D-55CE6BF44161}.Debug-Net40|Any CPU.Build.0 = Debug-Net40|Any CPU
		{F10536EC-8FBF-437A-840D-55CE6BF44161}.Debug-Net45|Any CPU.ActiveCfg = Debug-Net45|Any CPU
		{F10536EC-8FBF-437A-840D-55CE6BF44161}.Debug-Net45|Any CPU.Build.0 = Debug-Net45|Any CPU
		{F10536EC-8FBF-437A-840D-55CE6BF44161}.Docs|Any CPU.ActiveCfg = Docs|Any CPU
		{F10536EC-8FBF-437A-840D-55CE6BF44161}.Mono|Any CPU.ActiveCfg = Mono|Any CPU
		{F10536EC-8FBF-437A-840D-55CE6BF44161}.Mono|Any CPU.Build.0 = Mono|Any CPU
		{F10536EC-8FBF-437A-840D-55CE6BF44161}.Release|Any CPU.ActiveCfg = Release|Any CPU
		{F10536EC-8FBF-437A-840D-55CE6BF44161}.Release|Any CPU.Build.0 = Release|Any CPU
		{F10536EC-8FBF-437A-840D-55CE6BF44161}.Release-Net40|Any CPU.ActiveCfg = Release-Net40|Any CPU
		{F10536EC-8FBF-437A-840D-55CE6BF44161}.Release-Net40|Any CPU.Build.0 = Release-Net40|Any CPU
		{F10536EC-8FBF-437A-840D-55CE6BF44161}.Release-Net45|Any CPU.ActiveCfg = Release-Net45|Any CPU
		{F10536EC-8FBF-437A-840D-55CE6BF44161}.Release-Net45|Any CPU.Build.0 = Release-Net45|Any CPU
		{41458FC5-B67A-456D-A085-8F6012E59A0C}.Debug|Any CPU.ActiveCfg = Debug|Any CPU
		{41458FC5-B67A-456D-A085-8F6012E59A0C}.Debug|Any CPU.Build.0 = Debug|Any CPU
		{41458FC5-B67A-456D-A085-8F6012E59A0C}.Debug-Net40|Any CPU.ActiveCfg = Debug-Net40|Any CPU
		{41458FC5-B67A-456D-A085-8F6012E59A0C}.Debug-Net40|Any CPU.Build.0 = Debug-Net40|Any CPU
		{41458FC5-B67A-456D-A085-8F6012E59A0C}.Debug-Net45|Any CPU.ActiveCfg = Debug-Net45|Any CPU
		{41458FC5-B67A-456D-A085-8F6012E59A0C}.Debug-Net45|Any CPU.Build.0 = Debug-Net45|Any CPU
		{41458FC5-B67A-456D-A085-8F6012E59A0C}.Docs|Any CPU.ActiveCfg = Docs|Any CPU
		{41458FC5-B67A-456D-A085-8F6012E59A0C}.Mono|Any CPU.ActiveCfg = Mono|Any CPU
		{41458FC5-B67A-456D-A085-8F6012E59A0C}.Release|Any CPU.ActiveCfg = Release|Any CPU
		{41458FC5-B67A-456D-A085-8F6012E59A0C}.Release|Any CPU.Build.0 = Release|Any CPU
		{41458FC5-B67A-456D-A085-8F6012E59A0C}.Release-Net40|Any CPU.ActiveCfg = Release-Net40|Any CPU
		{41458FC5-B67A-456D-A085-8F6012E59A0C}.Release-Net40|Any CPU.Build.0 = Release-Net40|Any CPU
		{41458FC5-B67A-456D-A085-8F6012E59A0C}.Release-Net45|Any CPU.ActiveCfg = Release-Net45|Any CPU
		{41458FC5-B67A-456D-A085-8F6012E59A0C}.Release-Net45|Any CPU.Build.0 = Release-Net45|Any CPU
		{6394128B-6A58-482E-936E-D298726BA7F0}.Debug|Any CPU.ActiveCfg = Debug|Any CPU
		{6394128B-6A58-482E-936E-D298726BA7F0}.Debug|Any CPU.Build.0 = Debug|Any CPU
		{6394128B-6A58-482E-936E-D298726BA7F0}.Debug-Net40|Any CPU.ActiveCfg = Debug-Net40|Any CPU
		{6394128B-6A58-482E-936E-D298726BA7F0}.Debug-Net40|Any CPU.Build.0 = Debug-Net40|Any CPU
		{6394128B-6A58-482E-936E-D298726BA7F0}.Debug-Net45|Any CPU.ActiveCfg = Debug-Net45|Any CPU
		{6394128B-6A58-482E-936E-D298726BA7F0}.Debug-Net45|Any CPU.Build.0 = Debug-Net45|Any CPU
		{6394128B-6A58-482E-936E-D298726BA7F0}.Docs|Any CPU.ActiveCfg = Docs|Any CPU
		{6394128B-6A58-482E-936E-D298726BA7F0}.Mono|Any CPU.ActiveCfg = Mono|Any CPU
		{6394128B-6A58-482E-936E-D298726BA7F0}.Release|Any CPU.ActiveCfg = Release|Any CPU
		{6394128B-6A58-482E-936E-D298726BA7F0}.Release|Any CPU.Build.0 = Release|Any CPU
		{6394128B-6A58-482E-936E-D298726BA7F0}.Release-Net40|Any CPU.ActiveCfg = Release-Net40|Any CPU
		{6394128B-6A58-482E-936E-D298726BA7F0}.Release-Net40|Any CPU.Build.0 = Release-Net40|Any CPU
		{6394128B-6A58-482E-936E-D298726BA7F0}.Release-Net45|Any CPU.ActiveCfg = Release-Net45|Any CPU
		{6394128B-6A58-482E-936E-D298726BA7F0}.Release-Net45|Any CPU.Build.0 = Release-Net45|Any CPU
		{09D0D71A-5E98-42B4-8F22-90BF315FD55E}.Debug|Any CPU.ActiveCfg = Debug|x86
		{09D0D71A-5E98-42B4-8F22-90BF315FD55E}.Debug-Net40|Any CPU.ActiveCfg = Debug-Net40|x86
		{09D0D71A-5E98-42B4-8F22-90BF315FD55E}.Debug-Net45|Any CPU.ActiveCfg = Debug-Net45|x86
		{09D0D71A-5E98-42B4-8F22-90BF315FD55E}.Docs|Any CPU.ActiveCfg = Docs|x86
		{09D0D71A-5E98-42B4-8F22-90BF315FD55E}.Docs|Any CPU.Build.0 = Docs|x86
		{09D0D71A-5E98-42B4-8F22-90BF315FD55E}.Mono|Any CPU.ActiveCfg = Mono|x86
		{09D0D71A-5E98-42B4-8F22-90BF315FD55E}.Release|Any CPU.ActiveCfg = Release|x86
		{09D0D71A-5E98-42B4-8F22-90BF315FD55E}.Release-Net40|Any CPU.ActiveCfg = Release-Net40|x86
		{09D0D71A-5E98-42B4-8F22-90BF315FD55E}.Release-Net45|Any CPU.ActiveCfg = Release-Net45|x86
	EndGlobalSection
	GlobalSection(SolutionProperties) = preSolution
		HideSolutionNode = FALSE
	EndGlobalSection
	GlobalSection(NestedProjects) = preSolution
		{41458FC5-B67A-456D-A085-8F6012E59A0C} = {D8CA6CE5-A741-4B80-8B9F-689B2301492A}
		{6394128B-6A58-482E-936E-D298726BA7F0} = {D8CA6CE5-A741-4B80-8B9F-689B2301492A}
		{09D0D71A-5E98-42B4-8F22-90BF315FD55E} = {50593931-822D-4BE2-897D-38EF1BC5BDB3}
	EndGlobalSection
EndGlobal
