
Microsoft Visual Studio Solution File, Format Version 12.00
# Visual Studio 14
VisualStudioVersion = 14.0.25420.1
MinimumVisualStudioVersion = 10.0.40219.1
Project("{FAE04EC0-301F-11D3-BF4B-00C04F79EFBC}") = "Tools", "tools\Tools.csproj", "{87665569-506F-45A3-AC92-A434723F0725}"
EndProject
Global
	GlobalSection(SolutionConfigurationPlatforms) = preSolution
		Debug|Any CPU = Debug|Any CPU
		Release|Any CPU = Release|Any CPU
	EndGlobalSection
	GlobalSection(ProjectConfigurationPlatforms) = postSolution
		{87665569-506F-45A3-AC92-A434723F0725}.Debug|Any CPU.ActiveCfg = Debug|Any CPU
		{87665569-506F-45A3-AC92-A434723F0725}.Debug|Any CPU.Build.0 = Debug|Any CPU
		{87665569-506F-45A3-AC92-A434723F0725}.Release|Any CPU.ActiveCfg = Release|Any CPU
		{87665569-506F-45A3-AC92-A434723F0725}.Release|Any CPU.Build.0 = Release|Any CPU
	EndGlobalSection
	GlobalSection(SolutionProperties) = preSolution
		HideSolutionNode = FALSE
	EndGlobalSection
EndGlobal
